// !$*UTF8*$!
{
	archiveVersion = 1;
	classes = {
	};
	objectVersion = 46;
	objects = {

/* Begin PBXBuildFile section */
		DE05780B1F6426980069CE2E /* AppDelegate.swift in Sources */ = {isa = PBXBuildFile; fileRef = DE05780A1F6426980069CE2E /* AppDelegate.swift */; };
		DE05780D1F6426980069CE2E /* ViewController.swift in Sources */ = {isa = PBXBuildFile; fileRef = DE05780C1F6426980069CE2E /* ViewController.swift */; };
		DE0578101F6426980069CE2E /* Main.storyboard in Resources */ = {isa = PBXBuildFile; fileRef = DE05780E1F6426980069CE2E /* Main.storyboard */; };
		DE0578121F6426980069CE2E /* Assets.xcassets in Resources */ = {isa = PBXBuildFile; fileRef = DE0578111F6426980069CE2E /* Assets.xcassets */; };
		DE0578151F6426980069CE2E /* LaunchScreen.storyboard in Resources */ = {isa = PBXBuildFile; fileRef = DE0578131F6426980069CE2E /* LaunchScreen.storyboard */; };
		DE0578201F6426980069CE2E /* PokedexTests.swift in Sources */ = {isa = PBXBuildFile; fileRef = DE05781F1F6426980069CE2E /* PokedexTests.swift */; };
		DE05782B1F6426980069CE2E /* PokedexUITests.swift in Sources */ = {isa = PBXBuildFile; fileRef = DE05782A1F6426980069CE2E /* PokedexUITests.swift */; };
/* End PBXBuildFile section */

/* Begin PBXContainerItemProxy section */
		DE05781C1F6426980069CE2E /* PBXContainerItemProxy */ = {
			isa = PBXContainerItemProxy;
			containerPortal = DE0577FF1F6426980069CE2E /* Project object */;
			proxyType = 1;
			remoteGlobalIDString = DE0578061F6426980069CE2E;
			remoteInfo = Pokedex;
		};
		DE0578271F6426980069CE2E /* PBXContainerItemProxy */ = {
			isa = PBXContainerItemProxy;
			containerPortal = DE0577FF1F6426980069CE2E /* Project object */;
			proxyType = 1;
			remoteGlobalIDString = DE0578061F6426980069CE2E;
			remoteInfo = Pokedex;
		};
/* End PBXContainerItemProxy section */

/* Begin PBXFileReference section */
		DE0578071F6426980069CE2E /* Pokedex.app */ = {isa = PBXFileReference; explicitFileType = wrapper.application; includeInIndex = 0; path = Pokedex.app; sourceTree = BUILT_PRODUCTS_DIR; };
		DE05780A1F6426980069CE2E /* AppDelegate.swift */ = {isa = PBXFileReference; lastKnownFileType = sourcecode.swift; path = AppDelegate.swift; sourceTree = "<group>"; };
		DE05780C1F6426980069CE2E /* ViewController.swift */ = {isa = PBXFileReference; lastKnownFileType = sourcecode.swift; path = ViewController.swift; sourceTree = "<group>"; };
		DE05780F1F6426980069CE2E /* Base */ = {isa = PBXFileReference; lastKnownFileType = file.storyboard; name = Base; path = Base.lproj/Main.storyboard; sourceTree = "<group>"; };
		DE0578111F6426980069CE2E /* Assets.xcassets */ = {isa = PBXFileReference; lastKnownFileType = folder.assetcatalog; path = Assets.xcassets; sourceTree = "<group>"; };
		DE0578141F6426980069CE2E /* Base */ = {isa = PBXFileReference; lastKnownFileType = file.storyboard; name = Base; path = Base.lproj/LaunchScreen.storyboard; sourceTree = "<group>"; };
		DE0578161F6426980069CE2E /* Info.plist */ = {isa = PBXFileReference; lastKnownFileType = text.plist.xml; path = Info.plist; sourceTree = "<group>"; };
		DE05781B1F6426980069CE2E /* PokedexTests.xctest */ = {isa = PBXFileReference; explicitFileType = wrapper.cfbundle; includeInIndex = 0; path = PokedexTests.xctest; sourceTree = BUILT_PRODUCTS_DIR; };
		DE05781F1F6426980069CE2E /* PokedexTests.swift */ = {isa = PBXFileReference; lastKnownFileType = sourcecode.swift; path = PokedexTests.swift; sourceTree = "<group>"; };
		DE0578211F6426980069CE2E /* Info.plist */ = {isa = PBXFileReference; lastKnownFileType = text.plist.xml; path = Info.plist; sourceTree = "<group>"; };
		DE0578261F6426980069CE2E /* PokedexUITests.xctest */ = {isa = PBXFileReference; explicitFileType = wrapper.cfbundle; includeInIndex = 0; path = PokedexUITests.xctest; sourceTree = BUILT_PRODUCTS_DIR; };
		DE05782A1F6426980069CE2E /* PokedexUITests.swift */ = {isa = PBXFileReference; lastKnownFileType = sourcecode.swift; path = PokedexUITests.swift; sourceTree = "<group>"; };
		DE05782C1F6426980069CE2E /* Info.plist */ = {isa = PBXFileReference; lastKnownFileType = text.plist.xml; path = Info.plist; sourceTree = "<group>"; };
/* End PBXFileReference section */

/* Begin PBXFrameworksBuildPhase section */
		DE0578041F6426980069CE2E /* Frameworks */ = {
			isa = PBXFrameworksBuildPhase;
			buildActionMask = 2147483647;
			files = (
			);
			runOnlyForDeploymentPostprocessing = 0;
		};
		DE0578181F6426980069CE2E /* Frameworks */ = {
			isa = PBXFrameworksBuildPhase;
			buildActionMask = 2147483647;
			files = (
			);
			runOnlyForDeploymentPostprocessing = 0;
		};
		DE0578231F6426980069CE2E /* Frameworks */ = {
			isa = PBXFrameworksBuildPhase;
			buildActionMask = 2147483647;
			files = (
			);
			runOnlyForDeploymentPostprocessing = 0;
		};
/* End PBXFrameworksBuildPhase section */

/* Begin PBXGroup section */
		DE0577FE1F6426980069CE2E = {
			isa = PBXGroup;
			children = (
				DE0578091F6426980069CE2E /* Pokedex */,
				DE05781E1F6426980069CE2E /* PokedexTests */,
				DE0578291F6426980069CE2E /* PokedexUITests */,
				DE0578081F6426980069CE2E /* Products */,
			);
			sourceTree = "<group>";
		};
		DE0578081F6426980069CE2E /* Products */ = {
			isa = PBXGroup;
			children = (
				DE0578071F6426980069CE2E /* Pokedex.app */,
				DE05781B1F6426980069CE2E /* PokedexTests.xctest */,
				DE0578261F6426980069CE2E /* PokedexUITests.xctest */,
			);
			name = Products;
			sourceTree = "<group>";
		};
		DE0578091F6426980069CE2E /* Pokedex */ = {
			isa = PBXGroup;
			children = (
				DE05780A1F6426980069CE2E /* AppDelegate.swift */,
				DE05780C1F6426980069CE2E /* ViewController.swift */,
				DE05780E1F6426980069CE2E /* Main.storyboard */,
				DE0578111F6426980069CE2E /* Assets.xcassets */,
				DE0578131F6426980069CE2E /* LaunchScreen.storyboard */,
				DE0578161F6426980069CE2E /* Info.plist */,
			);
			path = Pokedex;
			sourceTree = "<group>";
		};
		DE05781E1F6426980069CE2E /* PokedexTests */ = {
			isa = PBXGroup;
			children = (
				DE05781F1F6426980069CE2E /* PokedexTests.swift */,
				DE0578211F6426980069CE2E /* Info.plist */,
			);
			path = PokedexTests;
			sourceTree = "<group>";
		};
		DE0578291F6426980069CE2E /* PokedexUITests */ = {
			isa = PBXGroup;
			children = (
				DE05782A1F6426980069CE2E /* PokedexUITests.swift */,
				DE05782C1F6426980069CE2E /* Info.plist */,
			);
			path = PokedexUITests;
			sourceTree = "<group>";
		};
/* End PBXGroup section */

/* Begin PBXNativeTarget section */
		DE0578061F6426980069CE2E /* Pokedex */ = {
			isa = PBXNativeTarget;
			buildConfigurationList = DE05782F1F6426980069CE2E /* Build configuration list for PBXNativeTarget "Pokedex" */;
			buildPhases = (
				DE0578031F6426980069CE2E /* Sources */,
				DE0578041F6426980069CE2E /* Frameworks */,
				DE0578051F6426980069CE2E /* Resources */,
			);
			buildRules = (
			);
			dependencies = (
			);
			name = Pokedex;
			productName = Pokedex;
			productReference = DE0578071F6426980069CE2E /* Pokedex.app */;
			productType = "com.apple.product-type.application";
		};
		DE05781A1F6426980069CE2E /* PokedexTests */ = {
			isa = PBXNativeTarget;
			buildConfigurationList = DE0578321F6426980069CE2E /* Build configuration list for PBXNativeTarget "PokedexTests" */;
			buildPhases = (
				DE0578171F6426980069CE2E /* Sources */,
				DE0578181F6426980069CE2E /* Frameworks */,
				DE0578191F6426980069CE2E /* Resources */,
			);
			buildRules = (
			);
			dependencies = (
				DE05781D1F6426980069CE2E /* PBXTargetDependency */,
			);
			name = PokedexTests;
			productName = PokedexTests;
			productReference = DE05781B1F6426980069CE2E /* PokedexTests.xctest */;
			productType = "com.apple.product-type.bundle.unit-test";
		};
		DE0578251F6426980069CE2E /* PokedexUITests */ = {
			isa = PBXNativeTarget;
			buildConfigurationList = DE0578351F6426980069CE2E /* Build configuration list for PBXNativeTarget "PokedexUITests" */;
			buildPhases = (
				DE0578221F6426980069CE2E /* Sources */,
				DE0578231F6426980069CE2E /* Frameworks */,
				DE0578241F6426980069CE2E /* Resources */,
			);
			buildRules = (
			);
			dependencies = (
				DE0578281F6426980069CE2E /* PBXTargetDependency */,
			);
			name = PokedexUITests;
			productName = PokedexUITests;
			productReference = DE0578261F6426980069CE2E /* PokedexUITests.xctest */;
			productType = "com.apple.product-type.bundle.ui-testing";
		};
/* End PBXNativeTarget section */

/* Begin PBXProject section */
		DE0577FF1F6426980069CE2E /* Project object */ = {
			isa = PBXProject;
			attributes = {
				LastSwiftUpdateCheck = 0830;
				LastUpgradeCheck = 0830;
				ORGANIZATIONNAME = Santiago;
				TargetAttributes = {
					DE0578061F6426980069CE2E = {
						CreatedOnToolsVersion = 8.3.3;
						ProvisioningStyle = Automatic;
					};
					DE05781A1F6426980069CE2E = {
						CreatedOnToolsVersion = 8.3.3;
						ProvisioningStyle = Automatic;
						TestTargetID = DE0578061F6426980069CE2E;
					};
					DE0578251F6426980069CE2E = {
						CreatedOnToolsVersion = 8.3.3;
						ProvisioningStyle = Automatic;
						TestTargetID = DE0578061F6426980069CE2E;
					};
				};
			};
			buildConfigurationList = DE0578021F6426980069CE2E /* Build configuration list for PBXProject "Pokedex" */;
			compatibilityVersion = "Xcode 3.2";
			developmentRegion = English;
			hasScannedForEncodings = 0;
			knownRegions = (
				en,
				Base,
			);
			mainGroup = DE0577FE1F6426980069CE2E;
			productRefGroup = DE0578081F6426980069CE2E /* Products */;
			projectDirPath = "";
			projectRoot = "";
			targets = (
				DE0578061F6426980069CE2E /* Pokedex */,
				DE05781A1F6426980069CE2E /* PokedexTests */,
				DE0578251F6426980069CE2E /* PokedexUITests */,
			);
		};
/* End PBXProject section */

/* Begin PBXResourcesBuildPhase section */
		DE0578051F6426980069CE2E /* Resources */ = {
			isa = PBXResourcesBuildPhase;
			buildActionMask = 2147483647;
			files = (
				DE0578151F6426980069CE2E /* LaunchScreen.storyboard in Resources */,
				DE0578121F6426980069CE2E /* Assets.xcassets in Resources */,
				DE0578101F6426980069CE2E /* Main.storyboard in Resources */,
			);
			runOnlyForDeploymentPostprocessing = 0;
		};
		DE0578191F6426980069CE2E /* Resources */ = {
			isa = PBXResourcesBuildPhase;
			buildActionMask = 2147483647;
			files = (
			);
			runOnlyForDeploymentPostprocessing = 0;
		};
		DE0578241F6426980069CE2E /* Resources */ = {
			isa = PBXResourcesBuildPhase;
			buildActionMask = 2147483647;
			files = (
			);
			runOnlyForDeploymentPostprocessing = 0;
		};
/* End PBXResourcesBuildPhase section */

/* Begin PBXSourcesBuildPhase section */
		DE0578031F6426980069CE2E /* Sources */ = {
			isa = PBXSourcesBuildPhase;
			buildActionMask = 2147483647;
			files = (
				DE05780D1F6426980069CE2E /* ViewController.swift in Sources */,
				DE05780B1F6426980069CE2E /* AppDelegate.swift in Sources */,
			);
			runOnlyForDeploymentPostprocessing = 0;
		};
		DE0578171F6426980069CE2E /* Sources */ = {
			isa = PBXSourcesBuildPhase;
			buildActionMask = 2147483647;
			files = (
				DE0578201F6426980069CE2E /* PokedexTests.swift in Sources */,
			);
			runOnlyForDeploymentPostprocessing = 0;
		};
		DE0578221F6426980069CE2E /* Sources */ = {
			isa = PBXSourcesBuildPhase;
			buildActionMask = 2147483647;
			files = (
				DE05782B1F6426980069CE2E /* PokedexUITests.swift in Sources */,
			);
			runOnlyForDeploymentPostprocessing = 0;
		};
/* End PBXSourcesBuildPhase section */

/* Begin PBXTargetDependency section */
		DE05781D1F6426980069CE2E /* PBXTargetDependency */ = {
			isa = PBXTargetDependency;
			target = DE0578061F6426980069CE2E /* Pokedex */;
			targetProxy = DE05781C1F6426980069CE2E /* PBXContainerItemProxy */;
		};
		DE0578281F6426980069CE2E /* PBXTargetDependency */ = {
			isa = PBXTargetDependency;
			target = DE0578061F6426980069CE2E /* Pokedex */;
			targetProxy = DE0578271F6426980069CE2E /* PBXContainerItemProxy */;
		};
/* End PBXTargetDependency section */

/* Begin PBXVariantGroup section */
		DE05780E1F6426980069CE2E /* Main.storyboard */ = {
			isa = PBXVariantGroup;
			children = (
				DE05780F1F6426980069CE2E /* Base */,
			);
			name = Main.storyboard;
			sourceTree = "<group>";
		};
		DE0578131F6426980069CE2E /* LaunchScreen.storyboard */ = {
			isa = PBXVariantGroup;
			children = (
				DE0578141F6426980069CE2E /* Base */,
			);
			name = LaunchScreen.storyboard;
			sourceTree = "<group>";
		};
/* End PBXVariantGroup section */

/* Begin XCBuildConfiguration section */
		DE05782D1F6426980069CE2E /* Debug */ = {
			isa = XCBuildConfiguration;
			buildSettings = {
				ALWAYS_SEARCH_USER_PATHS = NO;
				CLANG_ANALYZER_NONNULL = YES;
				CLANG_ANALYZER_NUMBER_OBJECT_CONVERSION = YES_AGGRESSIVE;
				CLANG_CXX_LANGUAGE_STANDARD = "gnu++0x";
				CLANG_CXX_LIBRARY = "libc++";
				CLANG_ENABLE_MODULES = YES;
				CLANG_ENABLE_OBJC_ARC = YES;
				CLANG_WARN_BOOL_CONVERSION = YES;
				CLANG_WARN_CONSTANT_CONVERSION = YES;
				CLANG_WARN_DIRECT_OBJC_ISA_USAGE = YES_ERROR;
				CLANG_WARN_DOCUMENTATION_COMMENTS = YES;
				CLANG_WARN_EMPTY_BODY = YES;
				CLANG_WARN_ENUM_CONVERSION = YES;
				CLANG_WARN_INFINITE_RECURSION = YES;
				CLANG_WARN_INT_CONVERSION = YES;
				CLANG_WARN_OBJC_ROOT_CLASS = YES_ERROR;
				CLANG_WARN_SUSPICIOUS_MOVE = YES;
				CLANG_WARN_UNREACHABLE_CODE = YES;
				CLANG_WARN__DUPLICATE_METHOD_MATCH = YES;
				"CODE_SIGN_IDENTITY[sdk=iphoneos*]" = "iPhone Developer";
				COPY_PHASE_STRIP = NO;
				DEBUG_INFORMATION_FORMAT = dwarf;
				ENABLE_STRICT_OBJC_MSGSEND = YES;
				ENABLE_TESTABILITY = YES;
				GCC_C_LANGUAGE_STANDARD = gnu99;
				GCC_DYNAMIC_NO_PIC = NO;
				GCC_NO_COMMON_BLOCKS = YES;
				GCC_OPTIMIZATION_LEVEL = 0;
				GCC_PREPROCESSOR_DEFINITIONS = (
					"DEBUG=1",
					"$(inherited)",
				);
				GCC_WARN_64_TO_32_BIT_CONVERSION = YES;
				GCC_WARN_ABOUT_RETURN_TYPE = YES_ERROR;
				GCC_WARN_UNDECLARED_SELECTOR = YES;
				GCC_WARN_UNINITIALIZED_AUTOS = YES_AGGRESSIVE;
				GCC_WARN_UNUSED_FUNCTION = YES;
				GCC_WARN_UNUSED_VARIABLE = YES;
				IPHONEOS_DEPLOYMENT_TARGET = 10.3;
				MTL_ENABLE_DEBUG_INFO = YES;
				ONLY_ACTIVE_ARCH = YES;
				SDKROOT = iphoneos;
				SWIFT_ACTIVE_COMPILATION_CONDITIONS = DEBUG;
				SWIFT_OPTIMIZATION_LEVEL = "-Onone";
				TARGETED_DEVICE_FAMILY = "1,2";
			};
			name = Debug;
		};
		DE05782E1F6426980069CE2E /* Release */ = {
			isa = XCBuildConfiguration;
			buildSettings = {
				ALWAYS_SEARCH_USER_PATHS = NO;
				CLANG_ANALYZER_NONNULL = YES;
				CLANG_ANALYZER_NUMBER_OBJECT_CONVERSION = YES_AGGRESSIVE;
				CLANG_CXX_LANGUAGE_STANDARD = "gnu++0x";
				CLANG_CXX_LIBRARY = "libc++";
				CLANG_ENABLE_MODULES = YES;
				CLANG_ENABLE_OBJC_ARC = YES;
				CLANG_WARN_BOOL_CONVERSION = YES;
				CLANG_WARN_CONSTANT_CONVERSION = YES;
				CLANG_WARN_DIRECT_OBJC_ISA_USAGE = YES_ERROR;
				CLANG_WARN_DOCUMENTATION_COMMENTS = YES;
				CLANG_WARN_EMPTY_BODY = YES;
				CLANG_WARN_ENUM_CONVERSION = YES;
				CLANG_WARN_INFINITE_RECURSION = YES;
				CLANG_WARN_INT_CONVERSION = YES;
				CLANG_WARN_OBJC_ROOT_CLASS = YES_ERROR;
				CLANG_WARN_SUSPICIOUS_MOVE = YES;
				CLANG_WARN_UNREACHABLE_CODE = YES;
				CLANG_WARN__DUPLICATE_METHOD_MATCH = YES;
				"CODE_SIGN_IDENTITY[sdk=iphoneos*]" = "iPhone Developer";
				COPY_PHASE_STRIP = NO;
				DEBUG_INFORMATION_FORMAT = "dwarf-with-dsym";
				ENABLE_NS_ASSERTIONS = NO;
				ENABLE_STRICT_OBJC_MSGSEND = YES;
				GCC_C_LANGUAGE_STANDARD = gnu99;
				GCC_NO_COMMON_BLOCKS = YES;
				GCC_WARN_64_TO_32_BIT_CONVERSION = YES;
				GCC_WARN_ABOUT_RETURN_TYPE = YES_ERROR;
				GCC_WARN_UNDECLARED_SELECTOR = YES;
				GCC_WARN_UNINITIALIZED_AUTOS = YES_AGGRESSIVE;
				GCC_WARN_UNUSED_FUNCTION = YES;
				GCC_WARN_UNUSED_VARIABLE = YES;
				IPHONEOS_DEPLOYMENT_TARGET = 10.3;
				MTL_ENABLE_DEBUG_INFO = NO;
				SDKROOT = iphoneos;
				SWIFT_OPTIMIZATION_LEVEL = "-Owholemodule";
				TARGETED_DEVICE_FAMILY = "1,2";
				VALIDATE_PRODUCT = YES;
			};
			name = Release;
		};
		DE0578301F6426980069CE2E /* Debug */ = {
			isa = XCBuildConfiguration;
			buildSettings = {
				ASSETCATALOG_COMPILER_APPICON_NAME = AppIcon;
				INFOPLIST_FILE = Pokedex/Info.plist;
				LD_RUNPATH_SEARCH_PATHS = "$(inherited) @executable_path/Frameworks";
				PRODUCT_BUNDLE_IDENTIFIER = Bod.Pokedex;
				PRODUCT_NAME = "$(TARGET_NAME)";
				SWIFT_VERSION = 3.0;
			};
			name = Debug;
		};
		DE0578311F6426980069CE2E /* Release */ = {
			isa = XCBuildConfiguration;
			buildSettings = {
				ASSETCATALOG_COMPILER_APPICON_NAME = AppIcon;
				INFOPLIST_FILE = Pokedex/Info.plist;
				LD_RUNPATH_SEARCH_PATHS = "$(inherited) @executable_path/Frameworks";
				PRODUCT_BUNDLE_IDENTIFIER = Bod.Pokedex;
				PRODUCT_NAME = "$(TARGET_NAME)";
				SWIFT_VERSION = 3.0;
			};
			name = Release;
		};
		DE0578331F6426980069CE2E /* Debug */ = {
			isa = XCBuildConfiguration;
			buildSettings = {
				ALWAYS_EMBED_SWIFT_STANDARD_LIBRARIES = YES;
				BUNDLE_LOADER = "$(TEST_HOST)";
				INFOPLIST_FILE = PokedexTests/Info.plist;
				LD_RUNPATH_SEARCH_PATHS = "$(inherited) @executable_path/Frameworks @loader_path/Frameworks";
				PRODUCT_BUNDLE_IDENTIFIER = Bod.PokedexTests;
				PRODUCT_NAME = "$(TARGET_NAME)";
				SWIFT_VERSION = 3.0;
				TEST_HOST = "$(BUILT_PRODUCTS_DIR)/Pokedex.app/Pokedex";
			};
			name = Debug;
		};
		DE0578341F6426980069CE2E /* Release */ = {
			isa = XCBuildConfiguration;
			buildSettings = {
				ALWAYS_EMBED_SWIFT_STANDARD_LIBRARIES = YES;
				BUNDLE_LOADER = "$(TEST_HOST)";
				INFOPLIST_FILE = PokedexTests/Info.plist;
				LD_RUNPATH_SEARCH_PATHS = "$(inherited) @executable_path/Frameworks @loader_path/Frameworks";
				PRODUCT_BUNDLE_IDENTIFIER = Bod.PokedexTests;
				PRODUCT_NAME = "$(TARGET_NAME)";
				SWIFT_VERSION = 3.0;
				TEST_HOST = "$(BUILT_PRODUCTS_DIR)/Pokedex.app/Pokedex";
			};
			name = Release;
		};
		DE0578361F6426980069CE2E /* Debug */ = {
			isa = XCBuildConfiguration;
			buildSettings = {
				ALWAYS_EMBED_SWIFT_STANDARD_LIBRARIES = YES;
				INFOPLIST_FILE = PokedexUITests/Info.plist;
				LD_RUNPATH_SEARCH_PATHS = "$(inherited) @executable_path/Frameworks @loader_path/Frameworks";
				PRODUCT_BUNDLE_IDENTIFIER = Bod.PokedexUITests;
				PRODUCT_NAME = "$(TARGET_NAME)";
				SWIFT_VERSION = 3.0;
				TEST_TARGET_NAME = Pokedex;
			};
			name = Debug;
		};
		DE0578371F6426980069CE2E /* Release */ = {
			isa = XCBuildConfiguration;
			buildSettings = {
				ALWAYS_EMBED_SWIFT_STANDARD_LIBRARIES = YES;
				INFOPLIST_FILE = PokedexUITests/Info.plist;
				LD_RUNPATH_SEARCH_PATHS = "$(inherited) @executable_path/Frameworks @loader_path/Frameworks";
				PRODUCT_BUNDLE_IDENTIFIER = Bod.PokedexUITests;
				PRODUCT_NAME = "$(TARGET_NAME)";
				SWIFT_VERSION = 3.0;
				TEST_TARGET_NAME = Pokedex;
			};
			name = Release;
		};
/* End XCBuildConfiguration section */

/* Begin XCConfigurationList section */
		DE0578021F6426980069CE2E /* Build configuration list for PBXProject "Pokedex" */ = {
			isa = XCConfigurationList;
			buildConfigurations = (
				DE05782D1F6426980069CE2E /* Debug */,
				DE05782E1F6426980069CE2E /* Release */,
			);
			defaultConfigurationIsVisible = 0;
			defaultConfigurationName = Release;
		};
		DE05782F1F6426980069CE2E /* Build configuration list for PBXNativeTarget "Pokedex" */ = {
			isa = XCConfigurationList;
			buildConfigurations = (
				DE0578301F6426980069CE2E /* Debug */,
				DE0578311F6426980069CE2E /* Release */,
			);
			defaultConfigurationIsVisible = 0;
		};
		DE0578321F6426980069CE2E /* Build configuration list for PBXNativeTarget "PokedexTests" */ = {
			isa = XCConfigurationList;
			buildConfigurations = (
				DE0578331F6426980069CE2E /* Debug */,
				DE0578341F6426980069CE2E /* Release */,
			);
			defaultConfigurationIsVisible = 0;
		};
		DE0578351F6426980069CE2E /* Build configuration list for PBXNativeTarget "PokedexUITests" */ = {
			isa = XCConfigurationList;
			buildConfigurations = (
				DE0578361F6426980069CE2E /* Debug */,
				DE0578371F6426980069CE2E /* Release */,
			);
			defaultConfigurationIsVisible = 0;
		};
/* End XCConfigurationList section */
	};
	rootObject = DE0577FF1F6426980069CE2E /* Project object */;
}
