// !$*UTF8*$!
{
	archiveVersion = 1;
	classes = {
	};
	objectVersion = 46;
	objects = {

/* Begin PBXBuildFile section */
		AC9B48A748D5C96550CDC4C7 /* Pods_Pokedex.framework in Frameworks */ = {isa = PBXBuildFile; fileRef = 58F0B62EC5D967117876E4E0 /* Pods_Pokedex.framework */; };
		DE05780B1F6426980069CE2E /* AppDelegate.swift in Sources */ = {isa = PBXBuildFile; fileRef = DE05780A1F6426980069CE2E /* AppDelegate.swift */; };
		DE05780D1F6426980069CE2E /* ViewController.swift in Sources */ = {isa = PBXBuildFile; fileRef = DE05780C1F6426980069CE2E /* ViewController.swift */; };
		DE0578101F6426980069CE2E /* Main.storyboard in Resources */ = {isa = PBXBuildFile; fileRef = DE05780E1F6426980069CE2E /* Main.storyboard */; };
		DE0578121F6426980069CE2E /* Assets.xcassets in Resources */ = {isa = PBXBuildFile; fileRef = DE0578111F6426980069CE2E /* Assets.xcassets */; };
		DE0578151F6426980069CE2E /* LaunchScreen.storyboard in Resources */ = {isa = PBXBuildFile; fileRef = DE0578131F6426980069CE2E /* LaunchScreen.storyboard */; };
		DE0578201F6426980069CE2E /* PokedexTests.swift in Sources */ = {isa = PBXBuildFile; fileRef = DE05781F1F6426980069CE2E /* PokedexTests.swift */; };
		DE05782B1F6426980069CE2E /* PokedexUITests.swift in Sources */ = {isa = PBXBuildFile; fileRef = DE05782A1F6426980069CE2E /* PokedexUITests.swift */; };
		DE49114A1F6EB575005AAEC0 /* MovesVC.swift in Sources */ = {isa = PBXBuildFile; fileRef = DE4911491F6EB575005AAEC0 /* MovesVC.swift */; };
		DE518CFA1F6B14EE00C86330 /* Constant.swift in Sources */ = {isa = PBXBuildFile; fileRef = DE518CF91F6B14EE00C86330 /* Constant.swift */; };
		DE5D6E511F649FC900CB3E5B /* PokemonDetailVC.swift in Sources */ = {isa = PBXBuildFile; fileRef = DE5D6E501F649FC900CB3E5B /* PokemonDetailVC.swift */; };
		DEB5EE111F642A2C004D72D4 /* pokemon.csv in Resources */ = {isa = PBXBuildFile; fileRef = DEB5EE101F642A2C004D72D4 /* pokemon.csv */; };
		DEB5EE131F642AD1004D72D4 /* Pokemon.swift in Sources */ = {isa = PBXBuildFile; fileRef = DEB5EE121F642AD1004D72D4 /* Pokemon.swift */; };
		DEB5EE151F643685004D72D4 /* PokeCell.swift in Sources */ = {isa = PBXBuildFile; fileRef = DEB5EE141F643685004D72D4 /* PokeCell.swift */; };
		DEB5EE171F644451004D72D4 /* csv.swift in Sources */ = {isa = PBXBuildFile; fileRef = DEB5EE161F644451004D72D4 /* csv.swift */; };
		DEB5EE191F644D1F004D72D4 /* pokemon.ttf in Resources */ = {isa = PBXBuildFile; fileRef = DEB5EE181F644D1F004D72D4 /* pokemon.ttf */; };
		DEB5EE1B1F644E9A004D72D4 /* music.mp3 in Resources */ = {isa = PBXBuildFile; fileRef = DEB5EE1A1F644E9A004D72D4 /* music.mp3 */; };
		DEDF1EAB1F70026B003B402A /* MoveCell.swift in Sources */ = {isa = PBXBuildFile; fileRef = DEDF1EAA1F70026B003B402A /* MoveCell.swift */; };
		DEDF1EAD1F700BD6003B402A /* Moves.swift in Sources */ = {isa = PBXBuildFile; fileRef = DEDF1EAC1F700BD6003B402A /* Moves.swift */; };
/* End PBXBuildFile section */

/* Begin PBXContainerItemProxy section */
		DE05781C1F6426980069CE2E /* PBXContainerItemProxy */ = {
			isa = PBXContainerItemProxy;
			containerPortal = DE0577FF1F6426980069CE2E /* Project object */;
			proxyType = 1;
			remoteGlobalIDString = DE0578061F6426980069CE2E;
			remoteInfo = Pokedex;
		};
		DE0578271F6426980069CE2E /* PBXContainerItemProxy */ = {
			isa = PBXContainerItemProxy;
			containerPortal = DE0577FF1F6426980069CE2E /* Project object */;
			proxyType = 1;
			remoteGlobalIDString = DE0578061F6426980069CE2E;
			remoteInfo = Pokedex;
		};
/* End PBXContainerItemProxy section */

/* Begin PBXFileReference section */
		56F7D2132530041F88D3BC7D /* Pods-Pokedex.debug.xcconfig */ = {isa = PBXFileReference; includeInIndex = 1; lastKnownFileType = text.xcconfig; name = "Pods-Pokedex.debug.xcconfig"; path = "Pods/Target Support Files/Pods-Pokedex/Pods-Pokedex.debug.xcconfig"; sourceTree = "<group>"; };
		58F0B62EC5D967117876E4E0 /* Pods_Pokedex.framework */ = {isa = PBXFileReference; explicitFileType = wrapper.framework; includeInIndex = 0; path = Pods_Pokedex.framework; sourceTree = BUILT_PRODUCTS_DIR; };
		AFA50A415D47C961B4A717CD /* Pods-Pokedex.release.xcconfig */ = {isa = PBXFileReference; includeInIndex = 1; lastKnownFileType = text.xcconfig; name = "Pods-Pokedex.release.xcconfig"; path = "Pods/Target Support Files/Pods-Pokedex/Pods-Pokedex.release.xcconfig"; sourceTree = "<group>"; };
		DE0578071F6426980069CE2E /* Pokedex.app */ = {isa = PBXFileReference; explicitFileType = wrapper.application; includeInIndex = 0; path = Pokedex.app; sourceTree = BUILT_PRODUCTS_DIR; };
		DE05780A1F6426980069CE2E /* AppDelegate.swift */ = {isa = PBXFileReference; lastKnownFileType = sourcecode.swift; path = AppDelegate.swift; sourceTree = "<group>"; };
		DE05780C1F6426980069CE2E /* ViewController.swift */ = {isa = PBXFileReference; lastKnownFileType = sourcecode.swift; path = ViewController.swift; sourceTree = "<group>"; };
		DE05780F1F6426980069CE2E /* Base */ = {isa = PBXFileReference; lastKnownFileType = file.storyboard; name = Base; path = Base.lproj/Main.storyboard; sourceTree = "<group>"; };
		DE0578111F6426980069CE2E /* Assets.xcassets */ = {isa = PBXFileReference; lastKnownFileType = folder.assetcatalog; path = Assets.xcassets; sourceTree = "<group>"; };
		DE0578141F6426980069CE2E /* Base */ = {isa = PBXFileReference; lastKnownFileType = file.storyboard; name = Base; path = Base.lproj/LaunchScreen.storyboard; sourceTree = "<group>"; };
		DE0578161F6426980069CE2E /* Info.plist */ = {isa = PBXFileReference; lastKnownFileType = text.plist.xml; path = Info.plist; sourceTree = "<group>"; };
		DE05781B1F6426980069CE2E /* PokedexTests.xctest */ = {isa = PBXFileReference; explicitFileType = wrapper.cfbundle; includeInIndex = 0; path = PokedexTests.xctest; sourceTree = BUILT_PRODUCTS_DIR; };
		DE05781F1F6426980069CE2E /* PokedexTests.swift */ = {isa = PBXFileReference; lastKnownFileType = sourcecode.swift; path = PokedexTests.swift; sourceTree = "<group>"; };
		DE0578211F6426980069CE2E /* Info.plist */ = {isa = PBXFileReference; lastKnownFileType = text.plist.xml; path = Info.plist; sourceTree = "<group>"; };
		DE0578261F6426980069CE2E /* PokedexUITests.xctest */ = {isa = PBXFileReference; explicitFileType = wrapper.cfbundle; includeInIndex = 0; path = PokedexUITests.xctest; sourceTree = BUILT_PRODUCTS_DIR; };
		DE05782A1F6426980069CE2E /* PokedexUITests.swift */ = {isa = PBXFileReference; lastKnownFileType = sourcecode.swift; path = PokedexUITests.swift; sourceTree = "<group>"; };
		DE05782C1F6426980069CE2E /* Info.plist */ = {isa = PBXFileReference; lastKnownFileType = text.plist.xml; path = Info.plist; sourceTree = "<group>"; };
		DE4911491F6EB575005AAEC0 /* MovesVC.swift */ = {isa = PBXFileReference; fileEncoding = 4; lastKnownFileType = sourcecode.swift; path = MovesVC.swift; sourceTree = "<group>"; };
		DE518CF91F6B14EE00C86330 /* Constant.swift */ = {isa = PBXFileReference; fileEncoding = 4; lastKnownFileType = sourcecode.swift; path = Constant.swift; sourceTree = "<group>"; };
		DE5D6E501F649FC900CB3E5B /* PokemonDetailVC.swift */ = {isa = PBXFileReference; fileEncoding = 4; lastKnownFileType = sourcecode.swift; path = PokemonDetailVC.swift; sourceTree = "<group>"; };
		DEB5EE101F642A2C004D72D4 /* pokemon.csv */ = {isa = PBXFileReference; fileEncoding = 4; lastKnownFileType = text; path = pokemon.csv; sourceTree = "<group>"; };
		DEB5EE121F642AD1004D72D4 /* Pokemon.swift */ = {isa = PBXFileReference; fileEncoding = 4; lastKnownFileType = sourcecode.swift; path = Pokemon.swift; sourceTree = "<group>"; };
		DEB5EE141F643685004D72D4 /* PokeCell.swift */ = {isa = PBXFileReference; fileEncoding = 4; lastKnownFileType = sourcecode.swift; path = PokeCell.swift; sourceTree = "<group>"; };
		DEB5EE161F644451004D72D4 /* csv.swift */ = {isa = PBXFileReference; fileEncoding = 4; lastKnownFileType = sourcecode.swift; path = csv.swift; sourceTree = "<group>"; };
		DEB5EE181F644D1F004D72D4 /* pokemon.ttf */ = {isa = PBXFileReference; lastKnownFileType = file; path = pokemon.ttf; sourceTree = "<group>"; };
		DEB5EE1A1F644E9A004D72D4 /* music.mp3 */ = {isa = PBXFileReference; lastKnownFileType = audio.mp3; path = music.mp3; sourceTree = "<group>"; };
		DEDF1EAA1F70026B003B402A /* MoveCell.swift */ = {isa = PBXFileReference; fileEncoding = 4; lastKnownFileType = sourcecode.swift; path = MoveCell.swift; sourceTree = "<group>"; };
		DEDF1EAC1F700BD6003B402A /* Moves.swift */ = {isa = PBXFileReference; fileEncoding = 4; lastKnownFileType = sourcecode.swift; path = Moves.swift; sourceTree = "<group>"; };
/* End PBXFileReference section */

/* Begin PBXFrameworksBuildPhase section */
		DE0578041F6426980069CE2E /* Frameworks */ = {
			isa = PBXFrameworksBuildPhase;
			buildActionMask = 2147483647;
			files = (
				AC9B48A748D5C96550CDC4C7 /* Pods_Pokedex.framework in Frameworks */,
			);
			runOnlyForDeploymentPostprocessing = 0;
		};
		DE0578181F6426980069CE2E /* Frameworks */ = {
			isa = PBXFrameworksBuildPhase;
			buildActionMask = 2147483647;
			files = (
			);
			runOnlyForDeploymentPostprocessing = 0;
		};
		DE0578231F6426980069CE2E /* Frameworks */ = {
			isa = PBXFrameworksBuildPhase;
			buildActionMask = 2147483647;
			files = (
			);
			runOnlyForDeploymentPostprocessing = 0;
		};
/* End PBXFrameworksBuildPhase section */

/* Begin PBXGroup section */
		50B59FF12999142AAC18615D /* Frameworks */ = {
			isa = PBXGroup;
			children = (
				58F0B62EC5D967117876E4E0 /* Pods_Pokedex.framework */,
			);
			name = Frameworks;
			sourceTree = "<group>";
		};
		66FA8C18535E1BB670626279 /* Pods */ = {
			isa = PBXGroup;
			children = (
				56F7D2132530041F88D3BC7D /* Pods-Pokedex.debug.xcconfig */,
				AFA50A415D47C961B4A717CD /* Pods-Pokedex.release.xcconfig */,
			);
			name = Pods;
			sourceTree = "<group>";
		};
		DE0577FE1F6426980069CE2E = {
			isa = PBXGroup;
			children = (
				DE0578091F6426980069CE2E /* Pokedex */,
				DE05781E1F6426980069CE2E /* PokedexTests */,
				DE0578291F6426980069CE2E /* PokedexUITests */,
				DE0578081F6426980069CE2E /* Products */,
				66FA8C18535E1BB670626279 /* Pods */,
				50B59FF12999142AAC18615D /* Frameworks */,
			);
			sourceTree = "<group>";
		};
		DE0578081F6426980069CE2E /* Products */ = {
			isa = PBXGroup;
			children = (
				DE0578071F6426980069CE2E /* Pokedex.app */,
				DE05781B1F6426980069CE2E /* PokedexTests.xctest */,
				DE0578261F6426980069CE2E /* PokedexUITests.xctest */,
			);
			name = Products;
			sourceTree = "<group>";
		};
		DE0578091F6426980069CE2E /* Pokedex */ = {
			isa = PBXGroup;
			children = (
				DE49114F1F6EC139005AAEC0 /* Utilites */,
				DE49114E1F6EC123005AAEC0 /* Assets */,
				DE49114D1F6EC0F8005AAEC0 /* Controller */,
				DE49114C1F6EC0F3005AAEC0 /* View */,
				DE49114B1F6EC0ED005AAEC0 /* Model */,
			);
			path = Pokedex;
			sourceTree = "<group>";
		};
		DE05781E1F6426980069CE2E /* PokedexTests */ = {
			isa = PBXGroup;
			children = (
				DE05781F1F6426980069CE2E /* PokedexTests.swift */,
				DE0578211F6426980069CE2E /* Info.plist */,
			);
			path = PokedexTests;
			sourceTree = "<group>";
		};
		DE0578291F6426980069CE2E /* PokedexUITests */ = {
			isa = PBXGroup;
			children = (
				DE05782A1F6426980069CE2E /* PokedexUITests.swift */,
				DE05782C1F6426980069CE2E /* Info.plist */,
			);
			path = PokedexUITests;
			sourceTree = "<group>";
		};
		DE49114B1F6EC0ED005AAEC0 /* Model */ = {
			isa = PBXGroup;
			children = (
				DEB5EE121F642AD1004D72D4 /* Pokemon.swift */,
				DEDF1EAC1F700BD6003B402A /* Moves.swift */,
			);
			name = Model;
			sourceTree = "<group>";
		};
		DE49114C1F6EC0F3005AAEC0 /* View */ = {
			isa = PBXGroup;
			children = (
				DE05780E1F6426980069CE2E /* Main.storyboard */,
				DE0578131F6426980069CE2E /* LaunchScreen.storyboard */,
				DEB5EE141F643685004D72D4 /* PokeCell.swift */,
				DEDF1EAA1F70026B003B402A /* MoveCell.swift */,
			);
			name = View;
			sourceTree = "<group>";
		};
		DE49114D1F6EC0F8005AAEC0 /* Controller */ = {
			isa = PBXGroup;
			children = (
				DE05780C1F6426980069CE2E /* ViewController.swift */,
				DE5D6E501F649FC900CB3E5B /* PokemonDetailVC.swift */,
				DE4911491F6EB575005AAEC0 /* MovesVC.swift */,
				DE05780A1F6426980069CE2E /* AppDelegate.swift */,
			);
			name = Controller;
			sourceTree = "<group>";
		};
		DE49114E1F6EC123005AAEC0 /* Assets */ = {
			isa = PBXGroup;
			children = (
				DE0578111F6426980069CE2E /* Assets.xcassets */,
				DEB5EE181F644D1F004D72D4 /* pokemon.ttf */,
				DEB5EE1A1F644E9A004D72D4 /* music.mp3 */,
				DEB5EE101F642A2C004D72D4 /* pokemon.csv */,
			);
			name = Assets;
			sourceTree = "<group>";
		};
		DE49114F1F6EC139005AAEC0 /* Utilites */ = {
			isa = PBXGroup;
			children = (
				DEB5EE161F644451004D72D4 /* csv.swift */,
				DE518CF91F6B14EE00C86330 /* Constant.swift */,
				DE0578161F6426980069CE2E /* Info.plist */,
			);
			name = Utilites;
			sourceTree = "<group>";
		};
/* End PBXGroup section */

/* Begin PBXNativeTarget section */
		DE0578061F6426980069CE2E /* Pokedex */ = {
			isa = PBXNativeTarget;
			buildConfigurationList = DE05782F1F6426980069CE2E /* Build configuration list for PBXNativeTarget "Pokedex" */;
			buildPhases = (
				D1825ED829866E0EFFF55CB7 /* [CP] Check Pods Manifest.lock */,
				DE0578031F6426980069CE2E /* Sources */,
				DE0578041F6426980069CE2E /* Frameworks */,
				DE0578051F6426980069CE2E /* Resources */,
				E38BDB35D8306BAAA9711B41 /* [CP] Embed Pods Frameworks */,
				404EA5AD0F5604EF9BF7BBCD /* [CP] Copy Pods Resources */,
			);
			buildRules = (
			);
			dependencies = (
			);
			name = Pokedex;
			productName = Pokedex;
			productReference = DE0578071F6426980069CE2E /* Pokedex.app */;
			productType = "com.apple.product-type.application";
		};
		DE05781A1F6426980069CE2E /* PokedexTests */ = {
			isa = PBXNativeTarget;
			buildConfigurationList = DE0578321F6426980069CE2E /* Build configuration list for PBXNativeTarget "PokedexTests" */;
			buildPhases = (
				DE0578171F6426980069CE2E /* Sources */,
				DE0578181F6426980069CE2E /* Frameworks */,
				DE0578191F6426980069CE2E /* Resources */,
			);
			buildRules = (
			);
			dependencies = (
				DE05781D1F6426980069CE2E /* PBXTargetDependency */,
			);
			name = PokedexTests;
			productName = PokedexTests;
			productReference = DE05781B1F6426980069CE2E /* PokedexTests.xctest */;
			productType = "com.apple.product-type.bundle.unit-test";
		};
		DE0578251F6426980069CE2E /* PokedexUITests */ = {
			isa = PBXNativeTarget;
			buildConfigurationList = DE0578351F6426980069CE2E /* Build configuration list for PBXNativeTarget "PokedexUITests" */;
			buildPhases = (
				DE0578221F6426980069CE2E /* Sources */,
				DE0578231F6426980069CE2E /* Frameworks */,
				DE0578241F6426980069CE2E /* Resources */,
			);
			buildRules = (
			);
			dependencies = (
				DE0578281F6426980069CE2E /* PBXTargetDependency */,
			);
			name = PokedexUITests;
			productName = PokedexUITests;
			productReference = DE0578261F6426980069CE2E /* PokedexUITests.xctest */;
			productType = "com.apple.product-type.bundle.ui-testing";
		};
/* End PBXNativeTarget section */

/* Begin PBXProject section */
		DE0577FF1F6426980069CE2E /* Project object */ = {
			isa = PBXProject;
			attributes = {
				LastSwiftUpdateCheck = 0830;
				LastUpgradeCheck = 0830;
				ORGANIZATIONNAME = Santiago;
				TargetAttributes = {
					DE0578061F6426980069CE2E = {
						CreatedOnToolsVersion = 8.3.3;
						LastSwiftMigration = 0830;
						ProvisioningStyle = Automatic;
					};
					DE05781A1F6426980069CE2E = {
						CreatedOnToolsVersion = 8.3.3;
						LastSwiftMigration = 0830;
						ProvisioningStyle = Automatic;
						TestTargetID = DE0578061F6426980069CE2E;
					};
					DE0578251F6426980069CE2E = {
						CreatedOnToolsVersion = 8.3.3;
						LastSwiftMigration = 0830;
						ProvisioningStyle = Automatic;
						TestTargetID = DE0578061F6426980069CE2E;
					};
				};
			};
			buildConfigurationList = DE0578021F6426980069CE2E /* Build configuration list for PBXProject "Pokedex" */;
			compatibilityVersion = "Xcode 3.2";
			developmentRegion = English;
			hasScannedForEncodings = 0;
			knownRegions = (
				en,
				Base,
			);
			mainGroup = DE0577FE1F6426980069CE2E;
			productRefGroup = DE0578081F6426980069CE2E /* Products */;
			projectDirPath = "";
			projectRoot = "";
			targets = (
				DE0578061F6426980069CE2E /* Pokedex */,
				DE05781A1F6426980069CE2E /* PokedexTests */,
				DE0578251F6426980069CE2E /* PokedexUITests */,
			);
		};
/* End PBXProject section */

/* Begin PBXResourcesBuildPhase section */
		DE0578051F6426980069CE2E /* Resources */ = {
			isa = PBXResourcesBuildPhase;
			buildActionMask = 2147483647;
			files = (
				DEB5EE191F644D1F004D72D4 /* pokemon.ttf in Resources */,
				DE0578151F6426980069CE2E /* LaunchScreen.storyboard in Resources */,
				DEB5EE1B1F644E9A004D72D4 /* music.mp3 in Resources */,
				DE0578121F6426980069CE2E /* Assets.xcassets in Resources */,
				DEB5EE111F642A2C004D72D4 /* pokemon.csv in Resources */,
				DE0578101F6426980069CE2E /* Main.storyboard in Resources */,
			);
			runOnlyForDeploymentPostprocessing = 0;
		};
		DE0578191F6426980069CE2E /* Resources */ = {
			isa = PBXResourcesBuildPhase;
			buildActionMask = 2147483647;
			files = (
			);
			runOnlyForDeploymentPostprocessing = 0;
		};
		DE0578241F6426980069CE2E /* Resources */ = {
			isa = PBXResourcesBuildPhase;
			buildActionMask = 2147483647;
			files = (
			);
			runOnlyForDeploymentPostprocessing = 0;
		};
/* End PBXResourcesBuildPhase section */

/* Begin PBXShellScriptBuildPhase section */
		404EA5AD0F5604EF9BF7BBCD /* [CP] Copy Pods Resources */ = {
			isa = PBXShellScriptBuildPhase;
			buildActionMask = 2147483647;
			files = (
			);
			inputPaths = (
			);
			name = "[CP] Copy Pods Resources";
			outputPaths = (
			);
			runOnlyForDeploymentPostprocessing = 0;
			shellPath = /bin/sh;
			shellScript = "\"${SRCROOT}/Pods/Target Support Files/Pods-Pokedex/Pods-Pokedex-resources.sh\"\n";
			showEnvVarsInLog = 0;
		};
		D1825ED829866E0EFFF55CB7 /* [CP] Check Pods Manifest.lock */ = {
			isa = PBXShellScriptBuildPhase;
			buildActionMask = 2147483647;
			files = (
			);
			inputPaths = (
				"${PODS_PODFILE_DIR_PATH}/Podfile.lock",
				"${PODS_ROOT}/Manifest.lock",
			);
			name = "[CP] Check Pods Manifest.lock";
			outputPaths = (
				"$(DERIVED_FILE_DIR)/Pods-Pokedex-checkManifestLockResult.txt",
			);
			runOnlyForDeploymentPostprocessing = 0;
			shellPath = /bin/sh;
			shellScript = "diff \"${PODS_PODFILE_DIR_PATH}/Podfile.lock\" \"${PODS_ROOT}/Manifest.lock\" > /dev/null\nif [ $? != 0 ] ; then\n    # print error to STDERR\n    echo \"error: The sandbox is not in sync with the Podfile.lock. Run 'pod install' or update your CocoaPods installation.\" >&2\n    exit 1\nfi\n# This output is used by Xcode 'outputs' to avoid re-running this script phase.\necho \"SUCCESS\" > \"${SCRIPT_OUTPUT_FILE_0}\"\n";
			showEnvVarsInLog = 0;
		};
		E38BDB35D8306BAAA9711B41 /* [CP] Embed Pods Frameworks */ = {
			isa = PBXShellScriptBuildPhase;
			buildActionMask = 2147483647;
			files = (
			);
			inputPaths = (
				"${SRCROOT}/Pods/Target Support Files/Pods-Pokedex/Pods-Pokedex-frameworks.sh",
				"${BUILT_PRODUCTS_DIR}/Alamofire/Alamofire.framework",
			);
			name = "[CP] Embed Pods Frameworks";
			outputPaths = (
				"${TARGET_BUILD_DIR}/${FRAMEWORKS_FOLDER_PATH}/Alamofire.framework",
			);
			runOnlyForDeploymentPostprocessing = 0;
			shellPath = /bin/sh;
			shellScript = "\"${SRCROOT}/Pods/Target Support Files/Pods-Pokedex/Pods-Pokedex-frameworks.sh\"\n";
			showEnvVarsInLog = 0;
		};
/* End PBXShellScriptBuildPhase section */

/* Begin PBXSourcesBuildPhase section */
		DE0578031F6426980069CE2E /* Sources */ = {
			isa = PBXSourcesBuildPhase;
			buildActionMask = 2147483647;
			files = (
				DE518CFA1F6B14EE00C86330 /* Constant.swift in Sources */,
				DEB5EE151F643685004D72D4 /* PokeCell.swift in Sources */,
				DE05780D1F6426980069CE2E /* ViewController.swift in Sources */,
				DE49114A1F6EB575005AAEC0 /* MovesVC.swift in Sources */,
				DE05780B1F6426980069CE2E /* AppDelegate.swift in Sources */,
				DE5D6E511F649FC900CB3E5B /* PokemonDetailVC.swift in Sources */,
				DEB5EE131F642AD1004D72D4 /* Pokemon.swift in Sources */,
				DEDF1EAB1F70026B003B402A /* MoveCell.swift in Sources */,
				DEDF1EAD1F700BD6003B402A /* Moves.swift in Sources */,
				DEB5EE171F644451004D72D4 /* csv.swift in Sources */,
			);
			runOnlyForDeploymentPostprocessing = 0;
		};
		DE0578171F6426980069CE2E /* Sources */ = {
			isa = PBXSourcesBuildPhase;
			buildActionMask = 2147483647;
			files = (
				DE0578201F6426980069CE2E /* PokedexTests.swift in Sources */,
			);
			runOnlyForDeploymentPostprocessing = 0;
		};
		DE0578221F6426980069CE2E /* Sources */ = {
			isa = PBXSourcesBuildPhase;
			buildActionMask = 2147483647;
			files = (
				DE05782B1F6426980069CE2E /* PokedexUITests.swift in Sources */,
			);
			runOnlyForDeploymentPostprocessing = 0;
		};
/* End PBXSourcesBuildPhase section */

/* Begin PBXTargetDependency section */
		DE05781D1F6426980069CE2E /* PBXTargetDependency */ = {
			isa = PBXTargetDependency;
			target = DE0578061F6426980069CE2E /* Pokedex */;
			targetProxy = DE05781C1F6426980069CE2E /* PBXContainerItemProxy */;
		};
		DE0578281F6426980069CE2E /* PBXTargetDependency */ = {
			isa = PBXTargetDependency;
			target = DE0578061F6426980069CE2E /* Pokedex */;
			targetProxy = DE0578271F6426980069CE2E /* PBXContainerItemProxy */;
		};
/* End PBXTargetDependency section */

/* Begin PBXVariantGroup section */
		DE05780E1F6426980069CE2E /* Main.storyboard */ = {
			isa = PBXVariantGroup;
			children = (
				DE05780F1F6426980069CE2E /* Base */,
			);
			name = Main.storyboard;
			sourceTree = "<group>";
		};
		DE0578131F6426980069CE2E /* LaunchScreen.storyboard */ = {
			isa = PBXVariantGroup;
			children = (
				DE0578141F6426980069CE2E /* Base */,
			);
			name = LaunchScreen.storyboard;
			sourceTree = "<group>";
		};
/* End PBXVariantGroup section */

/* Begin XCBuildConfiguration section */
		DE05782D1F6426980069CE2E /* Debug */ = {
			isa = XCBuildConfiguration;
			buildSettings = {
				ALWAYS_SEARCH_USER_PATHS = NO;
				CLANG_ANALYZER_NONNULL = YES;
				CLANG_ANALYZER_NUMBER_OBJECT_CONVERSION = YES_AGGRESSIVE;
				CLANG_CXX_LANGUAGE_STANDARD = "gnu++0x";
				CLANG_CXX_LIBRARY = "libc++";
				CLANG_ENABLE_MODULES = YES;
				CLANG_ENABLE_OBJC_ARC = YES;
				CLANG_WARN_BOOL_CONVERSION = YES;
				CLANG_WARN_CONSTANT_CONVERSION = YES;
				CLANG_WARN_DIRECT_OBJC_ISA_USAGE = YES_ERROR;
				CLANG_WARN_DOCUMENTATION_COMMENTS = YES;
				CLANG_WARN_EMPTY_BODY = YES;
				CLANG_WARN_ENUM_CONVERSION = YES;
				CLANG_WARN_INFINITE_RECURSION = YES;
				CLANG_WARN_INT_CONVERSION = YES;
				CLANG_WARN_OBJC_ROOT_CLASS = YES_ERROR;
				CLANG_WARN_SUSPICIOUS_MOVE = YES;
				CLANG_WARN_UNREACHABLE_CODE = YES;
				CLANG_WARN__DUPLICATE_METHOD_MATCH = YES;
				"CODE_SIGN_IDENTITY[sdk=iphoneos*]" = "iPhone Developer";
				COPY_PHASE_STRIP = NO;
				DEBUG_INFORMATION_FORMAT = dwarf;
				ENABLE_STRICT_OBJC_MSGSEND = YES;
				ENABLE_TESTABILITY = YES;
				GCC_C_LANGUAGE_STANDARD = gnu99;
				GCC_DYNAMIC_NO_PIC = NO;
				GCC_NO_COMMON_BLOCKS = YES;
				GCC_OPTIMIZATION_LEVEL = 0;
				GCC_PREPROCESSOR_DEFINITIONS = (
					"DEBUG=1",
					"$(inherited)",
				);
				GCC_WARN_64_TO_32_BIT_CONVERSION = YES;
				GCC_WARN_ABOUT_RETURN_TYPE = YES_ERROR;
				GCC_WARN_UNDECLARED_SELECTOR = YES;
				GCC_WARN_UNINITIALIZED_AUTOS = YES_AGGRESSIVE;
				GCC_WARN_UNUSED_FUNCTION = YES;
				GCC_WARN_UNUSED_VARIABLE = YES;
				IPHONEOS_DEPLOYMENT_TARGET = 10.3;
				MTL_ENABLE_DEBUG_INFO = YES;
				ONLY_ACTIVE_ARCH = YES;
				SDKROOT = iphoneos;
				SWIFT_ACTIVE_COMPILATION_CONDITIONS = DEBUG;
				SWIFT_OPTIMIZATION_LEVEL = "-Onone";
				TARGETED_DEVICE_FAMILY = "1,2";
			};
			name = Debug;
		};
		DE05782E1F6426980069CE2E /* Release */ = {
			isa = XCBuildConfiguration;
			buildSettings = {
				ALWAYS_SEARCH_USER_PATHS = NO;
				CLANG_ANALYZER_NONNULL = YES;
				CLANG_ANALYZER_NUMBER_OBJECT_CONVERSION = YES_AGGRESSIVE;
				CLANG_CXX_LANGUAGE_STANDARD = "gnu++0x";
				CLANG_CXX_LIBRARY = "libc++";
				CLANG_ENABLE_MODULES = YES;
				CLANG_ENABLE_OBJC_ARC = YES;
				CLANG_WARN_BOOL_CONVERSION = YES;
				CLANG_WARN_CONSTANT_CONVERSION = YES;
				CLANG_WARN_DIRECT_OBJC_ISA_USAGE = YES_ERROR;
				CLANG_WARN_DOCUMENTATION_COMMENTS = YES;
				CLANG_WARN_EMPTY_BODY = YES;
				CLANG_WARN_ENUM_CONVERSION = YES;
				CLANG_WARN_INFINITE_RECURSION = YES;
				CLANG_WARN_INT_CONVERSION = YES;
				CLANG_WARN_OBJC_ROOT_CLASS = YES_ERROR;
				CLANG_WARN_SUSPICIOUS_MOVE = YES;
				CLANG_WARN_UNREACHABLE_CODE = YES;
				CLANG_WARN__DUPLICATE_METHOD_MATCH = YES;
				"CODE_SIGN_IDENTITY[sdk=iphoneos*]" = "iPhone Developer";
				COPY_PHASE_STRIP = NO;
				DEBUG_INFORMATION_FORMAT = "dwarf-with-dsym";
				ENABLE_NS_ASSERTIONS = NO;
				ENABLE_STRICT_OBJC_MSGSEND = YES;
				GCC_C_LANGUAGE_STANDARD = gnu99;
				GCC_NO_COMMON_BLOCKS = YES;
				GCC_WARN_64_TO_32_BIT_CONVERSION = YES;
				GCC_WARN_ABOUT_RETURN_TYPE = YES_ERROR;
				GCC_WARN_UNDECLARED_SELECTOR = YES;
				GCC_WARN_UNINITIALIZED_AUTOS = YES_AGGRESSIVE;
				GCC_WARN_UNUSED_FUNCTION = YES;
				GCC_WARN_UNUSED_VARIABLE = YES;
				IPHONEOS_DEPLOYMENT_TARGET = 10.3;
				MTL_ENABLE_DEBUG_INFO = NO;
				SDKROOT = iphoneos;
				SWIFT_OPTIMIZATION_LEVEL = "-Owholemodule";
				TARGETED_DEVICE_FAMILY = "1,2";
				VALIDATE_PRODUCT = YES;
			};
			name = Release;
		};
		DE0578301F6426980069CE2E /* Debug */ = {
			isa = XCBuildConfiguration;
			baseConfigurationReference = 56F7D2132530041F88D3BC7D /* Pods-Pokedex.debug.xcconfig */;
			buildSettings = {
				ASSETCATALOG_COMPILER_APPICON_NAME = AppIcon;
				INFOPLIST_FILE = Pokedex/Info.plist;
				LD_RUNPATH_SEARCH_PATHS = "$(inherited) @executable_path/Frameworks";
				PRODUCT_BUNDLE_IDENTIFIER = Bod.Pokedex;
				PRODUCT_NAME = "$(TARGET_NAME)";
				SWIFT_VERSION = 3.0;
			};
			name = Debug;
		};
		DE0578311F6426980069CE2E /* Release */ = {
			isa = XCBuildConfiguration;
			baseConfigurationReference = AFA50A415D47C961B4A717CD /* Pods-Pokedex.release.xcconfig */;
			buildSettings = {
				ASSETCATALOG_COMPILER_APPICON_NAME = AppIcon;
				INFOPLIST_FILE = Pokedex/Info.plist;
				LD_RUNPATH_SEARCH_PATHS = "$(inherited) @executable_path/Frameworks";
				PRODUCT_BUNDLE_IDENTIFIER = Bod.Pokedex;
				PRODUCT_NAME = "$(TARGET_NAME)";
				SWIFT_VERSION = 3.0;
			};
			name = Release;
		};
		DE0578331F6426980069CE2E /* Debug */ = {
			isa = XCBuildConfiguration;
			buildSettings = {
				ALWAYS_EMBED_SWIFT_STANDARD_LIBRARIES = YES;
				BUNDLE_LOADER = "$(TEST_HOST)";
				INFOPLIST_FILE = PokedexTests/Info.plist;
				LD_RUNPATH_SEARCH_PATHS = "$(inherited) @executable_path/Frameworks @loader_path/Frameworks";
				PRODUCT_BUNDLE_IDENTIFIER = Bod.PokedexTests;
				PRODUCT_NAME = "$(TARGET_NAME)";
				SWIFT_VERSION = 3.0;
				TEST_HOST = "$(BUILT_PRODUCTS_DIR)/Pokedex.app/Pokedex";
			};
			name = Debug;
		};
		DE0578341F6426980069CE2E /* Release */ = {
			isa = XCBuildConfiguration;
			buildSettings = {
				ALWAYS_EMBED_SWIFT_STANDARD_LIBRARIES = YES;
				BUNDLE_LOADER = "$(TEST_HOST)";
				INFOPLIST_FILE = PokedexTests/Info.plist;
				LD_RUNPATH_SEARCH_PATHS = "$(inherited) @executable_path/Frameworks @loader_path/Frameworks";
				PRODUCT_BUNDLE_IDENTIFIER = Bod.PokedexTests;
				PRODUCT_NAME = "$(TARGET_NAME)";
				SWIFT_VERSION = 3.0;
				TEST_HOST = "$(BUILT_PRODUCTS_DIR)/Pokedex.app/Pokedex";
			};
			name = Release;
		};
		DE0578361F6426980069CE2E /* Debug */ = {
			isa = XCBuildConfiguration;
			buildSettings = {
				ALWAYS_EMBED_SWIFT_STANDARD_LIBRARIES = YES;
				INFOPLIST_FILE = PokedexUITests/Info.plist;
				LD_RUNPATH_SEARCH_PATHS = "$(inherited) @executable_path/Frameworks @loader_path/Frameworks";
				PRODUCT_BUNDLE_IDENTIFIER = Bod.PokedexUITests;
				PRODUCT_NAME = "$(TARGET_NAME)";
				SWIFT_VERSION = 3.0;
				TEST_TARGET_NAME = Pokedex;
			};
			name = Debug;
		};
		DE0578371F6426980069CE2E /* Release */ = {
			isa = XCBuildConfiguration;
			buildSettings = {
				ALWAYS_EMBED_SWIFT_STANDARD_LIBRARIES = YES;
				INFOPLIST_FILE = PokedexUITests/Info.plist;
				LD_RUNPATH_SEARCH_PATHS = "$(inherited) @executable_path/Frameworks @loader_path/Frameworks";
				PRODUCT_BUNDLE_IDENTIFIER = Bod.PokedexUITests;
				PRODUCT_NAME = "$(TARGET_NAME)";
				SWIFT_VERSION = 3.0;
				TEST_TARGET_NAME = Pokedex;
			};
			name = Release;
		};
/* End XCBuildConfiguration section */

/* Begin XCConfigurationList section */
		DE0578021F6426980069CE2E /* Build configuration list for PBXProject "Pokedex" */ = {
			isa = XCConfigurationList;
			buildConfigurations = (
				DE05782D1F6426980069CE2E /* Debug */,
				DE05782E1F6426980069CE2E /* Release */,
			);
			defaultConfigurationIsVisible = 0;
			defaultConfigurationName = Release;
		};
		DE05782F1F6426980069CE2E /* Build configuration list for PBXNativeTarget "Pokedex" */ = {
			isa = XCConfigurationList;
			buildConfigurations = (
				DE0578301F6426980069CE2E /* Debug */,
				DE0578311F6426980069CE2E /* Release */,
			);
			defaultConfigurationIsVisible = 0;
			defaultConfigurationName = Release;
		};
		DE0578321F6426980069CE2E /* Build configuration list for PBXNativeTarget "PokedexTests" */ = {
			isa = XCConfigurationList;
			buildConfigurations = (
				DE0578331F6426980069CE2E /* Debug */,
				DE0578341F6426980069CE2E /* Release */,
			);
			defaultConfigurationIsVisible = 0;
			defaultConfigurationName = Release;
		};
		DE0578351F6426980069CE2E /* Build configuration list for PBXNativeTarget "PokedexUITests" */ = {
			isa = XCConfigurationList;
			buildConfigurations = (
				DE0578361F6426980069CE2E /* Debug */,
				DE0578371F6426980069CE2E /* Release */,
			);
			defaultConfigurationIsVisible = 0;
			defaultConfigurationName = Release;
		};
/* End XCConfigurationList section */
	};
	rootObject = DE0577FF1F6426980069CE2E /* Project object */;
}
